{
  "name": "extension",
  "version": "1.0.0",
  "lockfileVersion": 3,
  "requires": true,
  "packages": {
    "": {
      "name": "extension",
      "version": "1.0.0",
      "license": "ISC",
      "dependencies": {
        "dir": "^0.1.2"
      }
    },
    "node_modules/dir": {
      "version": "0.1.2",
      "resolved": "https://registry.npmjs.org/dir/-/dir-0.1.2.tgz",
      "integrity": "sha512-WVQXnru4Cs5My0ryU5H9OIkhVcgfl/+IZpmOC9vvOqjk725gY1JdeANPeKAPacxy9w9KzcSDdm+tb3sShIFsSg==",
      "engines": {
        "node": "*"
      }
    }
  }
}
